
Microsoft Visual Studio Solution File, Format Version 12.00
# Visual Studio 2012
Project("{FAE04EC0-301F-11D3-BF4B-00C04F79EFBC}") = "appfragen.dialoge", "appfragen.dialoge\appfragen.dialoge.csproj", "{D70BFF11-964E-4AC3-87C3-7BBDFE5F0631}"
EndProject
Project("{FAE04EC0-301F-11D3-BF4B-00C04F79EFBC}") = "appfragen.dialoge.tests", "appfragen.dialoge.tests\appfragen.dialoge.tests.csproj", "{FAB6C943-4691-4A1B-BF42-F0EFE1F215BA}"
EndProject
Global
	GlobalSection(SolutionConfigurationPlatforms) = preSolution
		Debug|Any CPU = Debug|Any CPU
		Release|Any CPU = Release|Any CPU
	EndGlobalSection
	GlobalSection(ProjectConfigurationPlatforms) = postSolution
		{D70BFF11-964E-4AC3-87C3-7BBDFE5F0631}.Debug|Any CPU.ActiveCfg = Debug|Any CPU
		{D70BFF11-964E-4AC3-87C3-7BBDFE5F0631}.Debug|Any CPU.Build.0 = Debug|Any CPU
		{D70BFF11-964E-4AC3-87C3-7BBDFE5F0631}.Release|Any CPU.ActiveCfg = Release|Any CPU
		{D70BFF11-964E-4AC3-87C3-7BBDFE5F0631}.Release|Any CPU.Build.0 = Release|Any CPU
		{FAB6C943-4691-4A1B-BF42-F0EFE1F215BA}.Debug|Any CPU.ActiveCfg = Debug|Any CPU
		{FAB6C943-4691-4A1B-BF42-F0EFE1F215BA}.Debug|Any CPU.Build.0 = Debug|Any CPU
		{FAB6C943-4691-4A1B-BF42-F0EFE1F215BA}.Release|Any CPU.ActiveCfg = Release|Any CPU
		{FAB6C943-4691-4A1B-BF42-F0EFE1F215BA}.Release|Any CPU.Build.0 = Release|Any CPU
	EndGlobalSection
	GlobalSection(SolutionProperties) = preSolution
		HideSolutionNode = FALSE
	EndGlobalSection
EndGlobal
