
Microsoft Visual Studio Solution File, Format Version 12.00
# Visual Studio 2012
Project("{FAE04EC0-301F-11D3-BF4B-00C04F79EFBC}") = "csv.tabellieren", "csv.tabellieren\csv.tabellieren.csproj", "{98F5CD14-1013-4C2B-93C8-1CC7FEC2A6C5}"
EndProject
Project("{FAE04EC0-301F-11D3-BF4B-00C04F79EFBC}") = "csv.parsen", "csv.parsen\csv.parsen.csproj", "{DFF010C5-567F-4C6F-937F-69AADF9951E0}"
EndProject
Project("{FAE04EC0-301F-11D3-BF4B-00C04F79EFBC}") = "csv.tabellieren.tests", "csv.tabellieren.tests\csv.tabellieren.tests.csproj", "{6A3926AC-A2C3-4DB5-8925-57C307FD17F8}"
EndProject
Global
	GlobalSection(SolutionConfigurationPlatforms) = preSolution
		Debug|Any CPU = Debug|Any CPU
		Release|Any CPU = Release|Any CPU
	EndGlobalSection
	GlobalSection(ProjectConfigurationPlatforms) = postSolution
		{98F5CD14-1013-4C2B-93C8-1CC7FEC2A6C5}.Debug|Any CPU.ActiveCfg = Debug|Any CPU
		{98F5CD14-1013-4C2B-93C8-1CC7FEC2A6C5}.Debug|Any CPU.Build.0 = Debug|Any CPU
		{98F5CD14-1013-4C2B-93C8-1CC7FEC2A6C5}.Release|Any CPU.ActiveCfg = Release|Any CPU
		{98F5CD14-1013-4C2B-93C8-1CC7FEC2A6C5}.Release|Any CPU.Build.0 = Release|Any CPU
		{DFF010C5-567F-4C6F-937F-69AADF9951E0}.Debug|Any CPU.ActiveCfg = Debug|Any CPU
		{DFF010C5-567F-4C6F-937F-69AADF9951E0}.Debug|Any CPU.Build.0 = Debug|Any CPU
		{DFF010C5-567F-4C6F-937F-69AADF9951E0}.Release|Any CPU.ActiveCfg = Release|Any CPU
		{DFF010C5-567F-4C6F-937F-69AADF9951E0}.Release|Any CPU.Build.0 = Release|Any CPU
		{6A3926AC-A2C3-4DB5-8925-57C307FD17F8}.Debug|Any CPU.ActiveCfg = Debug|Any CPU
		{6A3926AC-A2C3-4DB5-8925-57C307FD17F8}.Debug|Any CPU.Build.0 = Debug|Any CPU
		{6A3926AC-A2C3-4DB5-8925-57C307FD17F8}.Release|Any CPU.ActiveCfg = Release|Any CPU
		{6A3926AC-A2C3-4DB5-8925-57C307FD17F8}.Release|Any CPU.Build.0 = Release|Any CPU
	EndGlobalSection
	GlobalSection(SolutionProperties) = preSolution
		HideSolutionNode = FALSE
	EndGlobalSection
EndGlobal
